// !$*UTF8*$!
{
	archiveVersion = 1;
	classes = {
	};
	objectVersion = 56;
	objects = {

/* Begin PBXBuildFile section */
		7FA9805C295B24180053E050 /* AppDelegate.swift in Sources */ = {isa = PBXBuildFile; fileRef = 7FA9805B295B24180053E050 /* AppDelegate.swift */; };
		7FA9805E295B24180053E050 /* SceneDelegate.swift in Sources */ = {isa = PBXBuildFile; fileRef = 7FA9805D295B24180053E050 /* SceneDelegate.swift */; };
		7FA98060295B24180053E050 /* ListMoviesViewController.swift in Sources */ = {isa = PBXBuildFile; fileRef = 7FA9805F295B24180053E050 /* ListMoviesViewController.swift */; };
		7FA98065295B24190053E050 /* Assets.xcassets in Resources */ = {isa = PBXBuildFile; fileRef = 7FA98064295B24190053E050 /* Assets.xcassets */; };
		7FA98068295B24190053E050 /* LaunchScreen.storyboard in Resources */ = {isa = PBXBuildFile; fileRef = 7FA98066295B24190053E050 /* LaunchScreen.storyboard */; };
		A40C3796298E928C00D093B2 /* RatingView.swift in Sources */ = {isa = PBXBuildFile; fileRef = A40C3795298E928C00D093B2 /* RatingView.swift */; };
		A41DABF829898C2100A7A7A2 /* ErrorModel.swift in Sources */ = {isa = PBXBuildFile; fileRef = A41DABF729898C2100A7A7A2 /* ErrorModel.swift */; };
		A41DABFA29898C4800A7A7A2 /* NetworkService.swift in Sources */ = {isa = PBXBuildFile; fileRef = A41DABF929898C4800A7A7A2 /* NetworkService.swift */; };
		A41DABFC29898C6100A7A7A2 /* RequestModel.swift in Sources */ = {isa = PBXBuildFile; fileRef = A41DABFB29898C6100A7A7A2 /* RequestModel.swift */; };
		A41DABFE29898C8B00A7A7A2 /* AllMoviesRequest.swift in Sources */ = {isa = PBXBuildFile; fileRef = A41DABFD29898C8B00A7A7A2 /* AllMoviesRequest.swift */; };
		A41DAC0029898CB000A7A7A2 /* ServiceManager.swift in Sources */ = {isa = PBXBuildFile; fileRef = A41DABFF29898CB000A7A7A2 /* ServiceManager.swift */; };
		A41DAC062989940500A7A7A2 /* SDWebImage in Frameworks */ = {isa = PBXBuildFile; productRef = A41DAC052989940500A7A7A2 /* SDWebImage */; };
		A41DAC082989940500A7A7A2 /* SDWebImageMapKit in Frameworks */ = {isa = PBXBuildFile; productRef = A41DAC072989940500A7A7A2 /* SDWebImageMapKit */; };
		A49959FC296AECF7001C3D70 /* Colors.swift in Sources */ = {isa = PBXBuildFile; fileRef = A49959FB296AECF7001C3D70 /* Colors.swift */; };
		A49959FF296AEDE0001C3D70 /* Colors.xcassets in Resources */ = {isa = PBXBuildFile; fileRef = A49959FE296AEDE0001C3D70 /* Colors.xcassets */; };
		A4995A01296AEDFE001C3D70 /* Typography.swift in Sources */ = {isa = PBXBuildFile; fileRef = A4995A00296AEDFE001C3D70 /* Typography.swift */; };
		A4995A05296B111F001C3D70 /* SelectButton.swift in Sources */ = {isa = PBXBuildFile; fileRef = A4995A04296B111F001C3D70 /* SelectButton.swift */; };
		A4995A07296B1FF1001C3D70 /* MovieTileViewCell.swift in Sources */ = {isa = PBXBuildFile; fileRef = A4995A06296B1FF1001C3D70 /* MovieTileViewCell.swift */; };
		A4995A09296B3C2D001C3D70 /* SwitchButton.swift in Sources */ = {isa = PBXBuildFile; fileRef = A4995A08296B3C2D001C3D70 /* SwitchButton.swift */; };
		A4CD304A298C1F900031C6F1 /* AllMoviesResponse.swift in Sources */ = {isa = PBXBuildFile; fileRef = A4CD3049298C1F900031C6F1 /* AllMoviesResponse.swift */; };
/* End PBXBuildFile section */

/* Begin PBXFileReference section */
		7FA98058295B24180053E050 /* VladProject.app */ = {isa = PBXFileReference; explicitFileType = wrapper.application; includeInIndex = 0; path = VladProject.app; sourceTree = BUILT_PRODUCTS_DIR; };
		7FA9805B295B24180053E050 /* AppDelegate.swift */ = {isa = PBXFileReference; lastKnownFileType = sourcecode.swift; path = AppDelegate.swift; sourceTree = "<group>"; };
		7FA9805D295B24180053E050 /* SceneDelegate.swift */ = {isa = PBXFileReference; lastKnownFileType = sourcecode.swift; path = SceneDelegate.swift; sourceTree = "<group>"; };
		7FA9805F295B24180053E050 /* ListMoviesViewController.swift */ = {isa = PBXFileReference; lastKnownFileType = sourcecode.swift; path = ListMoviesViewController.swift; sourceTree = "<group>"; };
		7FA98064295B24190053E050 /* Assets.xcassets */ = {isa = PBXFileReference; lastKnownFileType = folder.assetcatalog; path = Assets.xcassets; sourceTree = "<group>"; };
		7FA98067295B24190053E050 /* Base */ = {isa = PBXFileReference; lastKnownFileType = file.storyboard; name = Base; path = Base.lproj/LaunchScreen.storyboard; sourceTree = "<group>"; };
		7FA98069295B24190053E050 /* Info.plist */ = {isa = PBXFileReference; lastKnownFileType = text.plist.xml; path = Info.plist; sourceTree = "<group>"; };
		A40C3795298E928C00D093B2 /* RatingView.swift */ = {isa = PBXFileReference; lastKnownFileType = sourcecode.swift; path = RatingView.swift; sourceTree = "<group>"; };
		A41DABF729898C2100A7A7A2 /* ErrorModel.swift */ = {isa = PBXFileReference; lastKnownFileType = sourcecode.swift; path = ErrorModel.swift; sourceTree = "<group>"; };
		A41DABF929898C4800A7A7A2 /* NetworkService.swift */ = {isa = PBXFileReference; lastKnownFileType = sourcecode.swift; path = NetworkService.swift; sourceTree = "<group>"; };
		A41DABFB29898C6100A7A7A2 /* RequestModel.swift */ = {isa = PBXFileReference; lastKnownFileType = sourcecode.swift; path = RequestModel.swift; sourceTree = "<group>"; };
		A41DABFD29898C8B00A7A7A2 /* AllMoviesRequest.swift */ = {isa = PBXFileReference; lastKnownFileType = sourcecode.swift; path = AllMoviesRequest.swift; sourceTree = "<group>"; };
		A41DABFF29898CB000A7A7A2 /* ServiceManager.swift */ = {isa = PBXFileReference; lastKnownFileType = sourcecode.swift; path = ServiceManager.swift; sourceTree = "<group>"; };
		A49959FB296AECF7001C3D70 /* Colors.swift */ = {isa = PBXFileReference; lastKnownFileType = sourcecode.swift; path = Colors.swift; sourceTree = "<group>"; };
		A49959FE296AEDE0001C3D70 /* Colors.xcassets */ = {isa = PBXFileReference; lastKnownFileType = folder.assetcatalog; path = Colors.xcassets; sourceTree = "<group>"; };
		A4995A00296AEDFE001C3D70 /* Typography.swift */ = {isa = PBXFileReference; lastKnownFileType = sourcecode.swift; path = Typography.swift; sourceTree = "<group>"; };
		A4995A04296B111F001C3D70 /* SelectButton.swift */ = {isa = PBXFileReference; lastKnownFileType = sourcecode.swift; path = SelectButton.swift; sourceTree = "<group>"; };
		A4995A06296B1FF1001C3D70 /* MovieTileViewCell.swift */ = {isa = PBXFileReference; lastKnownFileType = sourcecode.swift; path = MovieTileViewCell.swift; sourceTree = "<group>"; };
		A4995A08296B3C2D001C3D70 /* SwitchButton.swift */ = {isa = PBXFileReference; lastKnownFileType = sourcecode.swift; path = SwitchButton.swift; sourceTree = "<group>"; };
		A4CD3049298C1F900031C6F1 /* AllMoviesResponse.swift */ = {isa = PBXFileReference; lastKnownFileType = sourcecode.swift; path = AllMoviesResponse.swift; sourceTree = "<group>"; };
/* End PBXFileReference section */

/* Begin PBXFrameworksBuildPhase section */
		7FA98055295B24180053E050 /* Frameworks */ = {
			isa = PBXFrameworksBuildPhase;
			buildActionMask = 2147483647;
			files = (
				A41DAC082989940500A7A7A2 /* SDWebImageMapKit in Frameworks */,
				A41DAC062989940500A7A7A2 /* SDWebImage in Frameworks */,
			);
			runOnlyForDeploymentPostprocessing = 0;
		};
/* End PBXFrameworksBuildPhase section */

/* Begin PBXGroup section */
		7FA9804F295B24180053E050 = {
			isa = PBXGroup;
			children = (
				7FA9805A295B24180053E050 /* VladProject */,
				7FA98059295B24180053E050 /* Products */,
			);
			sourceTree = "<group>";
		};
		7FA98059295B24180053E050 /* Products */ = {
			isa = PBXGroup;
			children = (
				7FA98058295B24180053E050 /* VladProject.app */,
			);
			name = Products;
			sourceTree = "<group>";
		};
		7FA9805A295B24180053E050 /* VladProject */ = {
			isa = PBXGroup;
			children = (
				7FA9805B295B24180053E050 /* AppDelegate.swift */,
				7FA9805D295B24180053E050 /* SceneDelegate.swift */,
				A49959FA296AEB27001C3D70 /* Foundation */,
				A41DABF4298981ED00A7A7A2 /* Network */,
				A4995A03296AF055001C3D70 /* Models */,
				A41DABF52989820A00A7A7A2 /* Controllers */,
				A4995A02296AEF5F001C3D70 /* Components */,
				7FA98066295B24190053E050 /* LaunchScreen.storyboard */,
				7FA98069295B24190053E050 /* Info.plist */,
			);
			path = VladProject;
			sourceTree = "<group>";
		};
		A41DABF4298981ED00A7A7A2 /* Network */ = {
			isa = PBXGroup;
			children = (
				A41DABF929898C4800A7A7A2 /* NetworkService.swift */,
				A41DABFB29898C6100A7A7A2 /* RequestModel.swift */,
				A41DABFD29898C8B00A7A7A2 /* AllMoviesRequest.swift */,
				A41DABFF29898CB000A7A7A2 /* ServiceManager.swift */,
			);
			path = Network;
			sourceTree = "<group>";
		};
		A41DABF52989820A00A7A7A2 /* Controllers */ = {
			isa = PBXGroup;
			children = (
				A41DABF629898A4D00A7A7A2 /* ListMoviesViewController */,
			);
			path = Controllers;
			sourceTree = "<group>";
		};
		A41DABF629898A4D00A7A7A2 /* ListMoviesViewController */ = {
			isa = PBXGroup;
			children = (
				A4995A06296B1FF1001C3D70 /* MovieTileViewCell.swift */,
				7FA9805F295B24180053E050 /* ListMoviesViewController.swift */,
			);
			path = ListMoviesViewController;
			sourceTree = "<group>";
		};
		A49959FA296AEB27001C3D70 /* Foundation */ = {
			isa = PBXGroup;
			children = (
				A4995A00296AEDFE001C3D70 /* Typography.swift */,
				A49959FB296AECF7001C3D70 /* Colors.swift */,
				A49959FE296AEDE0001C3D70 /* Colors.xcassets */,
				7FA98064295B24190053E050 /* Assets.xcassets */,
			);
			path = Foundation;
			sourceTree = "<group>";
		};
		A4995A02296AEF5F001C3D70 /* Components */ = {
			isa = PBXGroup;
			children = (
				A4995A04296B111F001C3D70 /* SelectButton.swift */,
				A40C3795298E928C00D093B2 /* RatingView.swift */,
				A4995A08296B3C2D001C3D70 /* SwitchButton.swift */,
			);
			path = Components;
			sourceTree = "<group>";
		};
		A4995A03296AF055001C3D70 /* Models */ = {
			isa = PBXGroup;
			children = (
				A41DABF729898C2100A7A7A2 /* ErrorModel.swift */,
				A4CD3049298C1F900031C6F1 /* AllMoviesResponse.swift */,
			);
			path = Models;
			sourceTree = "<group>";
		};
/* End PBXGroup section */

/* Begin PBXNativeTarget section */
		7FA98057295B24180053E050 /* VladProject */ = {
			isa = PBXNativeTarget;
			buildConfigurationList = 7FA9806C295B24190053E050 /* Build configuration list for PBXNativeTarget "VladProject" */;
			buildPhases = (
				7FA98054295B24180053E050 /* Sources */,
				7FA98055295B24180053E050 /* Frameworks */,
				7FA98056295B24180053E050 /* Resources */,
			);
			buildRules = (
			);
			dependencies = (
			);
			name = VladProject;
			packageProductDependencies = (
				A41DAC052989940500A7A7A2 /* SDWebImage */,
				A41DAC072989940500A7A7A2 /* SDWebImageMapKit */,
			);
			productName = VladProject;
			productReference = 7FA98058295B24180053E050 /* VladProject.app */;
			productType = "com.apple.product-type.application";
		};
/* End PBXNativeTarget section */

/* Begin PBXProject section */
		7FA98050295B24180053E050 /* Project object */ = {
			isa = PBXProject;
			attributes = {
				BuildIndependentTargetsInParallel = 1;
				LastSwiftUpdateCheck = 1410;
				LastUpgradeCheck = 1410;
				TargetAttributes = {
					7FA98057295B24180053E050 = {
						CreatedOnToolsVersion = 14.1;
					};
				};
			};
			buildConfigurationList = 7FA98053295B24180053E050 /* Build configuration list for PBXProject "VladProject" */;
			compatibilityVersion = "Xcode 14.0";
			developmentRegion = en;
			hasScannedForEncodings = 0;
			knownRegions = (
				en,
				Base,
			);
			mainGroup = 7FA9804F295B24180053E050;
			packageReferences = (
				A41DAC042989940500A7A7A2 /* XCRemoteSwiftPackageReference "SDWebImage" */,
			);
			productRefGroup = 7FA98059295B24180053E050 /* Products */;
			projectDirPath = "";
			projectRoot = "";
			targets = (
				7FA98057295B24180053E050 /* VladProject */,
			);
		};
/* End PBXProject section */

/* Begin PBXResourcesBuildPhase section */
		7FA98056295B24180053E050 /* Resources */ = {
			isa = PBXResourcesBuildPhase;
			buildActionMask = 2147483647;
			files = (
				A49959FF296AEDE0001C3D70 /* Colors.xcassets in Resources */,
				7FA98068295B24190053E050 /* LaunchScreen.storyboard in Resources */,
				7FA98065295B24190053E050 /* Assets.xcassets in Resources */,
			);
			runOnlyForDeploymentPostprocessing = 0;
		};
/* End PBXResourcesBuildPhase section */

/* Begin PBXSourcesBuildPhase section */
		7FA98054295B24180053E050 /* Sources */ = {
			isa = PBXSourcesBuildPhase;
			buildActionMask = 2147483647;
			files = (
				A41DABFA29898C4800A7A7A2 /* NetworkService.swift in Sources */,
				A4995A07296B1FF1001C3D70 /* MovieTileViewCell.swift in Sources */,
				A4995A01296AEDFE001C3D70 /* Typography.swift in Sources */,
				7FA98060295B24180053E050 /* ListMoviesViewController.swift in Sources */,
				A41DAC0029898CB000A7A7A2 /* ServiceManager.swift in Sources */,
				A4995A09296B3C2D001C3D70 /* SwitchButton.swift in Sources */,
				A49959FC296AECF7001C3D70 /* Colors.swift in Sources */,
				7FA9805C295B24180053E050 /* AppDelegate.swift in Sources */,
				A41DABFC29898C6100A7A7A2 /* RequestModel.swift in Sources */,
				A4CD304A298C1F900031C6F1 /* AllMoviesResponse.swift in Sources */,
				A40C3796298E928C00D093B2 /* RatingView.swift in Sources */,
				A41DABF829898C2100A7A7A2 /* ErrorModel.swift in Sources */,
				7FA9805E295B24180053E050 /* SceneDelegate.swift in Sources */,
				A4995A05296B111F001C3D70 /* SelectButton.swift in Sources */,
				A41DABFE29898C8B00A7A7A2 /* AllMoviesRequest.swift in Sources */,
			);
			runOnlyForDeploymentPostprocessing = 0;
		};
/* End PBXSourcesBuildPhase section */

/* Begin PBXVariantGroup section */
		7FA98066295B24190053E050 /* LaunchScreen.storyboard */ = {
			isa = PBXVariantGroup;
			children = (
				7FA98067295B24190053E050 /* Base */,
			);
			name = LaunchScreen.storyboard;
			sourceTree = "<group>";
		};
/* End PBXVariantGroup section */

/* Begin XCBuildConfiguration section */
		7FA9806A295B24190053E050 /* Debug */ = {
			isa = XCBuildConfiguration;
			buildSettings = {
				ALWAYS_SEARCH_USER_PATHS = NO;
				CLANG_ANALYZER_NONNULL = YES;
				CLANG_ANALYZER_NUMBER_OBJECT_CONVERSION = YES_AGGRESSIVE;
				CLANG_CXX_LANGUAGE_STANDARD = "gnu++20";
				CLANG_ENABLE_MODULES = YES;
				CLANG_ENABLE_OBJC_ARC = YES;
				CLANG_ENABLE_OBJC_WEAK = YES;
				CLANG_WARN_BLOCK_CAPTURE_AUTORELEASING = YES;
				CLANG_WARN_BOOL_CONVERSION = YES;
				CLANG_WARN_COMMA = YES;
				CLANG_WARN_CONSTANT_CONVERSION = YES;
				CLANG_WARN_DEPRECATED_OBJC_IMPLEMENTATIONS = YES;
				CLANG_WARN_DIRECT_OBJC_ISA_USAGE = YES_ERROR;
				CLANG_WARN_DOCUMENTATION_COMMENTS = YES;
				CLANG_WARN_EMPTY_BODY = YES;
				CLANG_WARN_ENUM_CONVERSION = YES;
				CLANG_WARN_INFINITE_RECURSION = YES;
				CLANG_WARN_INT_CONVERSION = YES;
				CLANG_WARN_NON_LITERAL_NULL_CONVERSION = YES;
				CLANG_WARN_OBJC_IMPLICIT_RETAIN_SELF = YES;
				CLANG_WARN_OBJC_LITERAL_CONVERSION = YES;
				CLANG_WARN_OBJC_ROOT_CLASS = YES_ERROR;
				CLANG_WARN_QUOTED_INCLUDE_IN_FRAMEWORK_HEADER = YES;
				CLANG_WARN_RANGE_LOOP_ANALYSIS = YES;
				CLANG_WARN_STRICT_PROTOTYPES = YES;
				CLANG_WARN_SUSPICIOUS_MOVE = YES;
				CLANG_WARN_UNGUARDED_AVAILABILITY = YES_AGGRESSIVE;
				CLANG_WARN_UNREACHABLE_CODE = YES;
				CLANG_WARN__DUPLICATE_METHOD_MATCH = YES;
				COPY_PHASE_STRIP = NO;
				DEBUG_INFORMATION_FORMAT = dwarf;
				ENABLE_STRICT_OBJC_MSGSEND = YES;
				ENABLE_TESTABILITY = YES;
				GCC_C_LANGUAGE_STANDARD = gnu11;
				GCC_DYNAMIC_NO_PIC = NO;
				GCC_NO_COMMON_BLOCKS = YES;
				GCC_OPTIMIZATION_LEVEL = 0;
				GCC_PREPROCESSOR_DEFINITIONS = (
					"DEBUG=1",
					"$(inherited)",
				);
				GCC_WARN_64_TO_32_BIT_CONVERSION = YES;
				GCC_WARN_ABOUT_RETURN_TYPE = YES_ERROR;
				GCC_WARN_UNDECLARED_SELECTOR = YES;
				GCC_WARN_UNINITIALIZED_AUTOS = YES_AGGRESSIVE;
				GCC_WARN_UNUSED_FUNCTION = YES;
				GCC_WARN_UNUSED_VARIABLE = YES;
				IPHONEOS_DEPLOYMENT_TARGET = 16.1;
				MTL_ENABLE_DEBUG_INFO = INCLUDE_SOURCE;
				MTL_FAST_MATH = YES;
				ONLY_ACTIVE_ARCH = YES;
				SDKROOT = iphoneos;
				SWIFT_ACTIVE_COMPILATION_CONDITIONS = DEBUG;
				SWIFT_OPTIMIZATION_LEVEL = "-Onone";
			};
			name = Debug;
		};
		7FA9806B295B24190053E050 /* Release */ = {
			isa = XCBuildConfiguration;
			buildSettings = {
				ALWAYS_SEARCH_USER_PATHS = NO;
				CLANG_ANALYZER_NONNULL = YES;
				CLANG_ANALYZER_NUMBER_OBJECT_CONVERSION = YES_AGGRESSIVE;
				CLANG_CXX_LANGUAGE_STANDARD = "gnu++20";
				CLANG_ENABLE_MODULES = YES;
				CLANG_ENABLE_OBJC_ARC = YES;
				CLANG_ENABLE_OBJC_WEAK = YES;
				CLANG_WARN_BLOCK_CAPTURE_AUTORELEASING = YES;
				CLANG_WARN_BOOL_CONVERSION = YES;
				CLANG_WARN_COMMA = YES;
				CLANG_WARN_CONSTANT_CONVERSION = YES;
				CLANG_WARN_DEPRECATED_OBJC_IMPLEMENTATIONS = YES;
				CLANG_WARN_DIRECT_OBJC_ISA_USAGE = YES_ERROR;
				CLANG_WARN_DOCUMENTATION_COMMENTS = YES;
				CLANG_WARN_EMPTY_BODY = YES;
				CLANG_WARN_ENUM_CONVERSION = YES;
				CLANG_WARN_INFINITE_RECURSION = YES;
				CLANG_WARN_INT_CONVERSION = YES;
				CLANG_WARN_NON_LITERAL_NULL_CONVERSION = YES;
				CLANG_WARN_OBJC_IMPLICIT_RETAIN_SELF = YES;
				CLANG_WARN_OBJC_LITERAL_CONVERSION = YES;
				CLANG_WARN_OBJC_ROOT_CLASS = YES_ERROR;
				CLANG_WARN_QUOTED_INCLUDE_IN_FRAMEWORK_HEADER = YES;
				CLANG_WARN_RANGE_LOOP_ANALYSIS = YES;
				CLANG_WARN_STRICT_PROTOTYPES = YES;
				CLANG_WARN_SUSPICIOUS_MOVE = YES;
				CLANG_WARN_UNGUARDED_AVAILABILITY = YES_AGGRESSIVE;
				CLANG_WARN_UNREACHABLE_CODE = YES;
				CLANG_WARN__DUPLICATE_METHOD_MATCH = YES;
				COPY_PHASE_STRIP = NO;
				DEBUG_INFORMATION_FORMAT = "dwarf-with-dsym";
				ENABLE_NS_ASSERTIONS = NO;
				ENABLE_STRICT_OBJC_MSGSEND = YES;
				GCC_C_LANGUAGE_STANDARD = gnu11;
				GCC_NO_COMMON_BLOCKS = YES;
				GCC_WARN_64_TO_32_BIT_CONVERSION = YES;
				GCC_WARN_ABOUT_RETURN_TYPE = YES_ERROR;
				GCC_WARN_UNDECLARED_SELECTOR = YES;
				GCC_WARN_UNINITIALIZED_AUTOS = YES_AGGRESSIVE;
				GCC_WARN_UNUSED_FUNCTION = YES;
				GCC_WARN_UNUSED_VARIABLE = YES;
				IPHONEOS_DEPLOYMENT_TARGET = 16.1;
				MTL_ENABLE_DEBUG_INFO = NO;
				MTL_FAST_MATH = YES;
				SDKROOT = iphoneos;
				SWIFT_COMPILATION_MODE = wholemodule;
				SWIFT_OPTIMIZATION_LEVEL = "-O";
				VALIDATE_PRODUCT = YES;
			};
			name = Release;
		};
		7FA9806D295B24190053E050 /* Debug */ = {
			isa = XCBuildConfiguration;
			buildSettings = {
				ASSETCATALOG_COMPILER_APPICON_NAME = AppIcon;
				ASSETCATALOG_COMPILER_GLOBAL_ACCENT_COLOR_NAME = AccentColor;
				CODE_SIGN_STYLE = Automatic;
				CURRENT_PROJECT_VERSION = 1;
				DEVELOPMENT_TEAM = 7RAT55JSF3;
				GENERATE_INFOPLIST_FILE = YES;
				INFOPLIST_FILE = VladProject/Info.plist;
				INFOPLIST_KEY_UIApplicationSupportsIndirectInputEvents = YES;
				INFOPLIST_KEY_UILaunchStoryboardName = LaunchScreen;
				INFOPLIST_KEY_UISupportedInterfaceOrientations_iPad = "UIInterfaceOrientationPortrait UIInterfaceOrientationPortraitUpsideDown UIInterfaceOrientationLandscapeLeft UIInterfaceOrientationLandscapeRight";
				INFOPLIST_KEY_UISupportedInterfaceOrientations_iPhone = "UIInterfaceOrientationPortrait UIInterfaceOrientationLandscapeLeft UIInterfaceOrientationLandscapeRight";
				LD_RUNPATH_SEARCH_PATHS = (
					"$(inherited)",
					"@executable_path/Frameworks",
				);
				MARKETING_VERSION = 1.0;
				PRODUCT_BUNDLE_IDENTIFIER = LearningSwift.VladProject;
				PRODUCT_NAME = "$(TARGET_NAME)";
				SWIFT_EMIT_LOC_STRINGS = YES;
				SWIFT_VERSION = 5.0;
				TARGETED_DEVICE_FAMILY = "1,2";
			};
			name = Debug;
		};
		7FA9806E295B24190053E050 /* Release */ = {
			isa = XCBuildConfiguration;
			buildSettings = {
				ASSETCATALOG_COMPILER_APPICON_NAME = AppIcon;
				ASSETCATALOG_COMPILER_GLOBAL_ACCENT_COLOR_NAME = AccentColor;
				CODE_SIGN_STYLE = Automatic;
				CURRENT_PROJECT_VERSION = 1;
				DEVELOPMENT_TEAM = 7RAT55JSF3;
				GENERATE_INFOPLIST_FILE = YES;
				INFOPLIST_FILE = VladProject/Info.plist;
				INFOPLIST_KEY_UIApplicationSupportsIndirectInputEvents = YES;
				INFOPLIST_KEY_UILaunchStoryboardName = LaunchScreen;
				INFOPLIST_KEY_UISupportedInterfaceOrientations_iPad = "UIInterfaceOrientationPortrait UIInterfaceOrientationPortraitUpsideDown UIInterfaceOrientationLandscapeLeft UIInterfaceOrientationLandscapeRight";
				INFOPLIST_KEY_UISupportedInterfaceOrientations_iPhone = "UIInterfaceOrientationPortrait UIInterfaceOrientationLandscapeLeft UIInterfaceOrientationLandscapeRight";
				LD_RUNPATH_SEARCH_PATHS = (
					"$(inherited)",
					"@executable_path/Frameworks",
				);
				MARKETING_VERSION = 1.0;
				PRODUCT_BUNDLE_IDENTIFIER = LearningSwift.VladProject;
				PRODUCT_NAME = "$(TARGET_NAME)";
				SWIFT_EMIT_LOC_STRINGS = YES;
				SWIFT_VERSION = 5.0;
				TARGETED_DEVICE_FAMILY = "1,2";
			};
			name = Release;
		};
/* End XCBuildConfiguration section */

/* Begin XCConfigurationList section */
		7FA98053295B24180053E050 /* Build configuration list for PBXProject "VladProject" */ = {
			isa = XCConfigurationList;
			buildConfigurations = (
				7FA9806A295B24190053E050 /* Debug */,
				7FA9806B295B24190053E050 /* Release */,
			);
			defaultConfigurationIsVisible = 0;
			defaultConfigurationName = Release;
		};
		7FA9806C295B24190053E050 /* Build configuration list for PBXNativeTarget "VladProject" */ = {
			isa = XCConfigurationList;
			buildConfigurations = (
				7FA9806D295B24190053E050 /* Debug */,
				7FA9806E295B24190053E050 /* Release */,
			);
			defaultConfigurationIsVisible = 0;
			defaultConfigurationName = Release;
		};
/* End XCConfigurationList section */

/* Begin XCRemoteSwiftPackageReference section */
		A41DAC042989940500A7A7A2 /* XCRemoteSwiftPackageReference "SDWebImage" */ = {
			isa = XCRemoteSwiftPackageReference;
			repositoryURL = "https://github.com/SDWebImage/SDWebImage";
			requirement = {
				kind = upToNextMajorVersion;
				minimumVersion = 5.0.0;
			};
		};
/* End XCRemoteSwiftPackageReference section */

/* Begin XCSwiftPackageProductDependency section */
		A41DAC052989940500A7A7A2 /* SDWebImage */ = {
			isa = XCSwiftPackageProductDependency;
			package = A41DAC042989940500A7A7A2 /* XCRemoteSwiftPackageReference "SDWebImage" */;
			productName = SDWebImage;
		};
		A41DAC072989940500A7A7A2 /* SDWebImageMapKit */ = {
			isa = XCSwiftPackageProductDependency;
			package = A41DAC042989940500A7A7A2 /* XCRemoteSwiftPackageReference "SDWebImage" */;
			productName = SDWebImageMapKit;
		};
/* End XCSwiftPackageProductDependency section */
	};
	rootObject = 7FA98050295B24180053E050 /* Project object */;
}
